version = 1
revision = 3
requires-python = ">=3.11"

[[package]]
name = "colorama"
version = "0.4.6"
source = { registry = "https://pypi.org/simple" }
sdist = { url = "https://files.pythonhosted.org/packages/d8/53/6f443c9a4a8358a93a6792e2acffb9d9d5cb0a5cfd8802644b7b1c9a02e4/colorama-0.4.6.tar.gz", hash = "sha256:08695f5cb7ed6e0531a20572697297273c47b8cae5a63ffc6d6ed5c201be6e44", size = 27697, upload-time = "2022-10-25T02:36:22.414Z" }
wheels = [
    { url = "https://files.pythonhosted.org/packages/d1/d6/3965ed04c63042e047cb6a3e6ed1a63a35087b6a609aa3a15ed8ac56c221/colorama-0.4.6-py2.py3-none-any.whl", hash = "sha256:4f1d9991f5acc0ca119f9d443620b77f9d6b33703e51011c16baf57afb285fc6", size = 25335, upload-time = "2022-10-25T02:36:20.889Z" },
]

[[package]]
name = "iniconfig"
version = "2.3.0"
source = { registry = "https://pypi.org/simple" }
sdist = { url = "https://files.pythonhosted.org/packages/72/34/14ca021ce8e5dfedc35312d08ba8bf51fdd999c576889fc2c24cb97f4f10/iniconfig-2.3.0.tar.gz", hash = "sha256:c76315c77db068650d49c5b56314774a7804df16fee4402c1f19d6d15d8c4730", size = 20503, upload-time = "2025-10-18T21:55:43.219Z" }
wheels = [
    { url = "https://files.pythonhosted.org/packages/cb/b1/3846dd7f199d53cb17f49cba7e651e9ce294d8497c8c150530ed11865bb8/iniconfig-2.3.0-py3-none-any.whl", hash = "sha256:f631c04d2c48c52b84d0d0549c99ff3859c98df65b3101406327ecc7d53fbf12", size = 7484, upload-time = "2025-10-18T21:55:41.639Z" },
]

[[package]]
name = "markdown-it-py"
version = "4.2.0"
source = { registry = "https://pypi.org/simple" }
dependencies = [
    { name = "mdurl" },
]
sdist = { url = "https://files.pythonhosted.org/packages/06/ff/7841249c247aa650a76b9ee4bbaeae59370dc8bfd2f6c01f3630c35eb134/markdown_it_py-4.2.0.tar.gz", hash = "sha256:04a21681d6fbb623de53f6f364d352309d4094dd4194040a10fd51833e418d49", size = 82454, upload-time = "2026-05-07T12:08:28.36Z" }
wheels = [
    { url = "https://files.pythonhosted.org/packages/b3/81/4da04ced5a082363ecfa159c010d200ecbd959ae410c10c0264a38cac0f5/markdown_it_py-4.2.0-py3-none-any.whl", hash = "sha256:9f7ebbcd14fe59494226453aed97c1070d83f8d24b6fc3a3bcf9a38092641c4a", size = 91687, upload-time = "2026-05-07T12:08:27.182Z" },
]

[[package]]
name = "maturin"
version = "1.15.0"
source = { registry = "https://pypi.org/simple" }
sdist = { url = "https://files.pythonhosted.org/packages/b9/c8/22e5e21b2679c9bce6415ca578034ca2cc9316be0642ae21e051a2d5198c/maturin-1.15.0.tar.gz", hash = "sha256:94b26cc8e8aba61a5f2099715fe640e18c5f678e9a500408b38761263954228a", size = 385504, upload-time = "2026-08-24T12:11:22.665Z" }
wheels = [
    { url = "https://files.pythonhosted.org/packages/14/69/5c01b461044eb1f45ddcce006706eb88110c793cdb11c7ae0b5e08492e94/maturin-1.15.0-py3-none-linux_armv6l.whl", hash = "sha256:6bf6dc62e22d4dcfd5a51244ff0d58975fa4979c48209fe84159617648956d82", size = 10206220, upload-time = "2026-08-24T12:10:53.327Z" },
    { url = "https://files.pythonhosted.org/packages/eb/1f/2b431554e11687cdb1077e0cdadcc118c53f611086b3af00c8545a67c6a5/maturin-1.15.0-py3-none-macosx_10_12_x86_64.macosx_11_0_arm64.macosx_10_12_universal2.whl", hash = "sha256:cd35772633f489841132bc8e71d6fc7f842df30b9c05cd5cdf1ee1ddcb744cc7", size = 19416513, upload-time = "2026-08-24T12:10:56.126Z" },
    { url = "https://files.pythonhosted.org/packages/51/36/e23a21cb34a648b711036b9b2fe1d4f3f4ee24f8db54215d73f1a9a3a3ec/maturin-1.15.0-py3-none-macosx_10_12_x86_64.whl", hash = "sha256:c40b4eae7bf5ef1f4b1af8d623fe4105016f93578fb15b764e741d08ec3b92dd", size = 10014962, upload-time = "2026-08-24T12:10:58.486Z" },
    { url = "https://files.pythonhosted.org/packages/8c/80/33b15cb2d8f30f12c807955e8f2fd775027692904e30ec0784744ce8cd83/maturin-1.15.0-py3-none-manylinux_2_12_i686.manylinux2010_i686.musllinux_1_1_i686.whl", hash = "sha256:7eb066372f541f8eb4909c79c5d9bd0b9e8125980bdf1ec9e8aba23c6c8d6c55", size = 10196223, upload-time = "2026-08-24T12:11:00.696Z" },
    { url = "https://files.pythonhosted.org/packages/fe/91/b495e19e2f5c503b540452b2039115e7b2363867e8c5ad4179eb752fa92c/maturin-1.15.0-py3-none-manylinux_2_12_x86_64.manylinux2010_x86_64.musllinux_1_1_x86_64.whl", hash = "sha256:653020a63525bb224e5ab0adf02e17a2e08bc86dbea7fc1399c9a56d7529b99e", size = 10541186, upload-time = "2026-08-24T12:11:02.857Z" },
    { url = "https://files.pythonhosted.org/packages/5d/2b/2abff58037188d852b124871b1f0d720e1c2bfb3d4f1b03d87c52cd66488/maturin-1.15.0-py3-none-manylinux_2_17_aarch64.manylinux2014_aarch64.musllinux_1_1_aarch64.whl", hash = "sha256:0ebf9767892725083138e671c34482c660317a2f3d6a29fc0e0f34e9d8c99136", size = 10083468, upload-time = "2026-08-24T12:11:05.012Z" },
    { url = "https://files.pythonhosted.org/packages/3f/07/b7e9f8be99a6627849e81ac7b6694876bce8f50a92995fe17e3cf2610f0a/maturin-1.15.0-py3-none-manylinux_2_17_armv7l.manylinux2014_armv7l.musllinux_1_1_armv7l.whl", hash = "sha256:7ab7eebffd7b8debca2265985de4eaeb332141276d24b9560b5ad484d4b3add1", size = 10047786, upload-time = "2026-08-24T12:11:07.042Z" },
    { url = "https://files.pythonhosted.org/packages/ca/ab/167e3cb7accee11b507dbe53e0e87aeccb376d44ae66284c96ee4df3a9fd/maturin-1.15.0-py3-none-manylinux_2_17_ppc64le.manylinux2014_ppc64le.musllinux_1_1_ppc64le.whl", hash = "sha256:126e12e618b4db42f68c779a56d41f82a390145ba36ac3f621d057eb34f5ad9d", size = 13315332, upload-time = "2026-08-24T12:11:09.433Z" },
    { url = "https://files.pythonhosted.org/packages/14/4d/801379f646cbc6b00998e5289b0630a886be3a4ee4c75b6bc9b87478a7f1/maturin-1.15.0-py3-none-manylinux_2_17_s390x.manylinux2014_s390x.whl", hash = "sha256:4f9d33e6c3f9615c8caceecbbbd440f8eb25a3ddeb687077682cd5eca2e9ae15", size = 10807183, upload-time = "2026-08-24T12:11:11.73Z" },
    { url = "https://files.pythonhosted.org/packages/89/27/2e612e1cbd1580e9e94d4722c227b5180dca27b32b955a34b79918aa1292/maturin-1.15.0-py3-none-manylinux_2_31_riscv64.musllinux_1_1_riscv64.whl", hash = "sha256:bf29beddd0c6708f112db51d5275fc28b28b9e9c9c5faae387eaef662918b176", size = 10413274, upload-time = "2026-08-24T12:11:14.04Z" },
    { url = "https://files.pythonhosted.org/packages/70/d8/202a7b4d75a51f20f84ec9ce3b7345b12b822207072164e2b1c6ef665125/maturin-1.15.0-py3-none-win32.whl", hash = "sha256:da649988be98e87e009e51b1bf0d301b6a301bc0cecbdd60d40d8ba60748d1ca", size = 8928744, upload-time = "2026-08-24T12:11:16.269Z" },
    { url = "https://files.pythonhosted.org/packages/40/dc/4e90da594986ba78dd3bc8a5921ecdcdb11085b22b02a412caab3b225601/maturin-1.15.0-py3-none-win_amd64.whl", hash = "sha256:552c2be4afd43fe8d5c9f3ec8d4c4756d973b8dcbe94c14084390301f50243e1", size = 10335085, upload-time = "2026-08-24T12:11:18.326Z" },
    { url = "https://files.pythonhosted.org/packages/8b/10/15d4314edf130955edf2dc237aa393a8a7c10f2b9b57b89fa2f61f915659/maturin-1.15.0-py3-none-win_arm64.whl", hash = "sha256:c7dc0c66c78d3debdd9c5aa807e861fbcbf07f3505d34b125df74c03986b0f48", size = 9713795, upload-time = "2026-08-24T12:11:20.83Z" },
]

[[package]]
name = "mdurl"
version = "0.1.2"
source = { registry = "https://pypi.org/simple" }
sdist = { url = "https://files.pythonhosted.org/packages/d6/54/cfe61301667036ec958cb99bd3efefba235e65cdeb9c84d24a8293ba1d90/mdurl-0.1.2.tar.gz", hash = "sha256:bb413d29f5eea38f31dd4754dd7377d4465116fb207585f97bf925588687c1ba", size = 8729, upload-time = "2022-08-14T12:40:10.846Z" }
wheels = [
    { url = "https://files.pythonhosted.org/packages/b3/38/89ba8ad64ae25be8de66a6d463314cf1eb366222074cfda9ee839c56a4b4/mdurl-0.1.2-py3-none-any.whl", hash = "sha256:84008a41e51615a49fc9966191ff91509e3c40b939176e643fd50a5c2196b8f8", size = 9979, upload-time = "2022-08-14T12:40:09.779Z" },
]

[[package]]
name = "packaging"
version = "26.3"
source = { registry = "https://pypi.org/simple" }
sdist = { url = "https://files.pythonhosted.org/packages/7d/fa/3944b40b07da9ce895c0e6303a5ab7d53da063554f534556b134a54d6093/packaging-26.3.tar.gz", hash = "sha256:94edc256424af38762eb31306eed28beb9f0efc50a8837492c9d6fd6004aed79", size = 313412, upload-time = "2026-08-04T18:15:28.737Z" }
wheels = [
    { url = "https://files.pythonhosted.org/packages/63/34/ba1c580383c9eada3711951fef0795c80b829a078d72188184bcab9dd527/packaging-26.3-py3-none-any.whl", hash = "sha256:d7193f7c8e4e93f444fde0262bf90af30e16fa0ad0ad44cb553c87339b23cd1c", size = 129956, upload-time = "2026-08-04T18:15:27.159Z" },
]

[[package]]
name = "pluggy"
version = "1.6.0"
source = { registry = "https://pypi.org/simple" }
sdist = { url = "https://files.pythonhosted.org/packages/f9/e2/3e91f31a7d2b083fe6ef3fa267035b518369d9511ffab804f839851d2779/pluggy-1.6.0.tar.gz", hash = "sha256:7dcc130b76258d33b90f61b658791dede3486c3e6bfb003ee5c9bfb396dd22f3", size = 69412, upload-time = "2025-05-15T12:30:07.975Z" }
wheels = [
    { url = "https://files.pythonhosted.org/packages/54/20/4d324d65cc6d9205fabedc306948156824eb9f0ee1633355a8f7ec5c66bf/pluggy-1.6.0-py3-none-any.whl", hash = "sha256:e920276dd6813095e9377c0bc5566d94c932c33b27a3e3945d8389c374dd4746", size = 20538, upload-time = "2025-05-15T12:30:06.134Z" },
]

[[package]]
name = "pygments"
version = "2.21.0"
source = { registry = "https://pypi.org/simple" }
sdist = { url = "https://files.pythonhosted.org/packages/49/2e/ced460408999b33da6b31b0021b0f37d329e202d4169aeb164493778f25b/pygments-2.21.0.tar.gz", hash = "sha256:610ca751c9bc2492b38eb9a38a7fbc93edbbb2d7182edaf34e66ae493dee5c8c", size = 5005329, upload-time = "2026-08-17T08:02:48.824Z" }
wheels = [
    { url = "https://files.pythonhosted.org/packages/71/46/17f022dd3e953bf20a04a028a21ec746d942f8d2af30fa0f124fa0e6a684/pygments-2.21.0-py3-none-any.whl", hash = "sha256:2363c69b61c4a97c838da3b130dcd6468f4848992b21a82f2a63ec34377137d9", size = 1250147, upload-time = "2026-08-17T08:02:44.912Z" },
]

[[package]]
name = "pytest"
version = "9.1.1"
source = { registry = "https://pypi.org/simple" }
dependencies = [
    { name = "colorama", marker = "sys_platform == 'win32'" },
    { name = "iniconfig" },
    { name = "packaging" },
    { name = "pluggy" },
    { name = "pygments" },
]
sdist = { url = "https://files.pythonhosted.org/packages/e4/47/b9efed96c114afcfa3c9d3fe98a76a1d14c74a9e266d397cf6eb64be5e01/pytest-9.1.1.tar.gz", hash = "sha256:1088fbde8f2b49d95a549a195707afa7a76a3ce9bcadc26b6d71f0ffda5fe313", size = 1636369, upload-time = "2026-06-19T10:58:32.857Z" }
wheels = [
    { url = "https://files.pythonhosted.org/packages/24/25/1de2678b631f5a49215c6c96fff41ba892b0a34df68d6d80292b1b48aa7f/pytest-9.1.1-py3-none-any.whl", hash = "sha256:37a86b45efb9a47a61a36449063e8e18d0cab3161329fc099eb21783169c4f0c", size = 386536, upload-time = "2026-06-19T10:58:31.347Z" },
]

[[package]]
name = "pytest-codspeed"
version = "5.0.3"
source = { registry = "https://pypi.org/simple" }
dependencies = [
    { name = "pytest" },
    { name = "rich" },
]
sdist = { url = "https://files.pythonhosted.org/packages/e1/b4/cf932fcd1960a2fd6d9b09eb403253a8709aeee975961afa6299239a830e/pytest_codspeed-5.0.3.tar.gz", hash = "sha256:91afef90e6a96b013495e4702ef5d6358614a449e71008cdc194ef668778b92f", size = 324571, upload-time = "2026-05-22T16:20:49.231Z" }
wheels = [
    { url = "https://files.pythonhosted.org/packages/ac/ef/32ce60d42a4aa43e728d988e13eb6568fbc7b10a514517b459bafd3f2b94/pytest_codspeed-5.0.3-cp311-cp311-macosx_11_0_arm64.whl", hash = "sha256:f56d0339cd98d26f6e561987be25bdd2761a5d53d8f73493b1ebe02d0d451093", size = 366253, upload-time = "2026-05-22T16:21:10.013Z" },
    { url = "https://files.pythonhosted.org/packages/2a/15/c66ef90a793c5d2c039e63a1726a5e55c678be2618b0f5f1660d0f79e25f/pytest_codspeed-5.0.3-cp311-cp311-manylinux2014_aarch64.manylinux_2_17_aarch64.manylinux_2_28_aarch64.whl", hash = "sha256:4c682f6645d4eb472f3bd95dbda1805e3af4243610572cb7d6bf94a88e8a0b6c", size = 932465, upload-time = "2026-05-22T16:20:34.265Z" },
    { url = "https://files.pythonhosted.org/packages/1a/7b/d231279301967f05b7909160489e85ee3a1b9da76094ea25343faba1abc2/pytest_codspeed-5.0.3-cp311-cp311-manylinux2014_x86_64.manylinux_2_17_x86_64.manylinux_2_28_x86_64.whl", hash = "sha256:f852bee785a7a124cb1720b1915670c6742af87747dc4d838f3ffdbd365ce9d9", size = 934925, upload-time = "2026-05-22T16:20:47.63Z" },
    { url = "https://files.pythonhosted.org/packages/c2/22/456c48160b761d5028c8afa119f085a9fc42855a783a13d73918078969f0/pytest_codspeed-5.0.3-cp312-cp312-macosx_11_0_arm64.whl", hash = "sha256:2eeb25fb1ac3f73c4de50e739e78fea396b89782bdb740bf2a7cd2df21f8d4ee", size = 366255, upload-time = "2026-05-22T16:20:56.214Z" },
    { url = "https://files.pythonhosted.org/packages/74/33/ac7441fa937c9d9f158083a8c46920a5a5c81ed3c5f96240fc8d650db5c2/pytest_codspeed-5.0.3-cp312-cp312-manylinux2014_aarch64.manylinux_2_17_aarch64.manylinux_2_28_aarch64.whl", hash = "sha256:73c5c9d98a3372a42611989ccfa437cce3842431ac6d6b9ab42c4f0e59c070f7", size = 932325, upload-time = "2026-05-22T16:21:08.814Z" },
    { url = "https://files.pythonhosted.org/packages/77/bc/8b994adcb9e9016e7d9a808056a3dd9cca21441e432ef456eae2b697d7fe/pytest_codspeed-5.0.3-cp312-cp312-manylinux2014_x86_64.manylinux_2_17_x86_64.manylinux_2_28_x86_64.whl", hash = "sha256:a2e0ab65df73e837666d12357280ca50ff6d6ac03ea5266703be518b68170edf", size = 934885, upload-time = "2026-05-22T16:21:01.444Z" },
    { url = "https://files.pythonhosted.org/packages/dc/8e/e032451e9e0a06b0c4bff53105f62b693d9a54595dd8c024693741ce3380/pytest_codspeed-5.0.3-cp313-cp313-macosx_11_0_arm64.whl", hash = "sha256:6524c57fec279a22ffef6112af404036afc71b4704758ae9f0abda429b8478d4", size = 366253, upload-time = "2026-05-22T16:20:46.192Z" },
    { url = "https://files.pythonhosted.org/packages/a9/7b/ae76fd8ac656b9695806a6aafd5f22ec32e6ce20e266a58f9112e01d3cd8/pytest_codspeed-5.0.3-cp313-cp313-manylinux2014_aarch64.manylinux_2_17_aarch64.manylinux_2_28_aarch64.whl", hash = "sha256:0c383c9121deb58a69f174188e9e4488ffc0daced0ed276abf87747182511901", size = 932360, upload-time = "2026-05-22T16:20:30.589Z" },
    { url = "https://files.pythonhosted.org/packages/a6/4a/dfd43d943fdb143be4fd62f34c2793ba349dc27aa188e521d19d629aa7ab/pytest_codspeed-5.0.3-cp313-cp313-manylinux2014_x86_64.manylinux_2_17_x86_64.manylinux_2_28_x86_64.whl", hash = "sha256:a4bcdb4b6522738152885ef067e0c8524d5699828d780fb6f464cdb3db44369c", size = 934928, upload-time = "2026-05-22T16:20:38.62Z" },
    { url = "https://files.pythonhosted.org/packages/04/6a/fdcec19c7f267c195f147c51d3fd2245f6b8d09b80495ed0a90c008e0842/pytest_codspeed-5.0.3-cp314-cp314-macosx_11_0_arm64.whl", hash = "sha256:25464363c7f9b9bd5022e969c0addba616fa40ac9b8f0fc9e030c4538863b32d", size = 366259, upload-time = "2026-05-22T16:21:06.039Z" },
    { url = "https://files.pythonhosted.org/packages/6a/96/c6b03b81dcd21ae3d6b32cca0b3c10149fa378eb21b338d4b63c9eb8050b/pytest_codspeed-5.0.3-cp314-cp314-manylinux2014_aarch64.manylinux_2_17_aarch64.manylinux_2_28_aarch64.whl", hash = "sha256:efd43f82ea03ced8488a767ded9473f050791ab7783ea8654107e1e0ac66af40", size = 932395, upload-time = "2026-05-22T16:21:04.804Z" },
    { url = "https://files.pythonhosted.org/packages/96/08/56ad8f1cc7d6962f8a680141b361e93467a2abc53d976cd9d5e1edd740e3/pytest_codspeed-5.0.3-cp314-cp314-manylinux2014_x86_64.manylinux_2_17_x86_64.manylinux_2_28_x86_64.whl", hash = "sha256:782f9985b6f6b45b8bc20152d206d3a52b56dd088ba81cb70a71f0b39841be9e", size = 934994, upload-time = "2026-05-22T16:20:28.809Z" },
    { url = "https://files.pythonhosted.org/packages/0b/54/9096c4545f09da94b1b00f3be2fe4952949e86c9bcafca9a29b26aed1a75/pytest_codspeed-5.0.3-cp314-cp314t-macosx_11_0_arm64.whl", hash = "sha256:9aa0815b90196f3c20d736ea8691381e97f12bbe8c7d87af10a351e434b452cb", size = 366311, upload-time = "2026-05-22T16:20:41.791Z" },
    { url = "https://files.pythonhosted.org/packages/a7/3c/24c53f67a38ad48cb087105ac30a8aa0923223ee274ea9bf2dc705edaa59/pytest_codspeed-5.0.3-cp314-cp314t-manylinux2014_aarch64.manylinux_2_17_aarch64.manylinux_2_28_aarch64.whl", hash = "sha256:85505c96a3477c346ec2d2b7dced8478f4c651e2b1666ee102d53a832b511853", size = 933169, upload-time = "2026-05-22T16:20:43.178Z" },
    { url = "https://files.pythonhosted.org/packages/d1/de/2213f868fa7694f743f96cccbc07e757f45c920c523cccc2da97bc8652df/pytest_codspeed-5.0.3-cp314-cp314t-manylinux2014_x86_64.manylinux_2_17_x86_64.manylinux_2_28_x86_64.whl", hash = "sha256:20eba63765be9d1b6cacbbfad84b87d49eb04b357a7045a0899880da181f81e3", size = 935522, upload-time = "2026-05-22T16:21:03.398Z" },
    { url = "https://files.pythonhosted.org/packages/df/85/5dfea1c031d6cccc11653464828edf205c30f798caf5b2a85375aacd914a/pytest_codspeed-5.0.3-cp315-cp315-macosx_11_0_arm64.whl", hash = "sha256:ec9fa6f0af0a9feb0e0bd517fb59ef28f806fbd50c0c6900ac26cbb4d080eba5", size = 366275, upload-time = "2026-05-22T16:20:59.463Z" },
    { url = "https://files.pythonhosted.org/packages/3c/2b/af4d1b612f03b98a6cf3c7d5f62678917a60110a8bf380d49ab408b31137/pytest_codspeed-5.0.3-cp315-cp315-manylinux2014_aarch64.manylinux_2_17_aarch64.manylinux_2_28_aarch64.whl", hash = "sha256:8df77b3409f54f4a268f77f3ff74992fe1d995cdbaf2cecf8ad74d32db217ce7", size = 932537, upload-time = "2026-05-22T16:20:54.945Z" },
    { url = "https://files.pythonhosted.org/packages/f5/a2/c7ec45e36a61b418efb2a3cccaa67a0c2fcf1f21d5880f64c33114f0c249/pytest_codspeed-5.0.3-cp315-cp315-manylinux2014_x86_64.manylinux_2_17_x86_64.manylinux_2_28_x86_64.whl", hash = "sha256:a5d8695a227ea1c3a41d25db5b3fe720bf1b4808bd38862be811a4efd902c792", size = 934153, upload-time = "2026-05-22T16:21:07.494Z" },
    { url = "https://files.pythonhosted.org/packages/cf/c7/d5bada9618a0af56a5c8065fc61280849cab8e7c1e24025807a51c3157ce/pytest_codspeed-5.0.3-cp315-cp315t-macosx_11_0_arm64.whl", hash = "sha256:bf4cc4178cbace8f4d2bd240408276bc4da3850ac5fcb5fb5f8a74ab417615bb", size = 366339, upload-time = "2026-05-22T16:20:51.968Z" },
    { url = "https://files.pythonhosted.org/packages/a8/37/fb27aeb40a81320e7349553b877a21333c897b27c8dfe215630452908f36/pytest_codspeed-5.0.3-cp315-cp315t-manylinux2014_aarch64.manylinux_2_17_aarch64.manylinux_2_28_aarch64.whl", hash = "sha256:abe793da40f87295d33988673d34f06ea569848b44490b847552cd416816258a", size = 933055, upload-time = "2026-05-22T16:20:44.861Z" },
    { url = "https://files.pythonhosted.org/packages/f3/d9/6f2d69e96deaf0475a695fc9195af59e7a3b5fab50782855e65c63a7bc28/pytest_codspeed-5.0.3-cp315-cp315t-manylinux2014_x86_64.manylinux_2_17_x86_64.manylinux_2_28_x86_64.whl", hash = "sha256:c3a9ed38dfa776443b86f4b49a982e8443d0953db4974bd2673d63cc904ae1ad", size = 934481, upload-time = "2026-05-22T16:20:58.264Z" },
    { url = "https://files.pythonhosted.org/packages/c5/b2/1d2a993c532146dce9eca5b5942d51898021c3579ce18b2454f932a915f8/pytest_codspeed-5.0.3-py3-none-any.whl", hash = "sha256:fe2ea83c924c2250675b75686c3ee456b8cf0208d83d552e182a195fdf467378", size = 74033, upload-time = "2026-05-22T16:20:26.814Z" },
]

[[package]]
name = "rich"
version = "15.0.0"
source = { registry = "https://pypi.org/simple" }
dependencies = [
    { name = "markdown-it-py" },
    { name = "pygments" },
]
sdist = { url = "https://files.pythonhosted.org/packages/c0/8f/0722ca900cc807c13a6a0c696dacf35430f72e0ec571c4275d2371fca3e9/rich-15.0.0.tar.gz", hash = "sha256:edd07a4824c6b40189fb7ac9bc4c52536e9780fbbfbddf6f1e2502c31b068c36", size = 230680, upload-time = "2026-04-12T08:24:00.75Z" }
wheels = [
    { url = "https://files.pythonhosted.org/packages/82/3b/64d4899d73f91ba49a8c18a8ff3f0ea8f1c1d75481760df8c68ef5235bf5/rich-15.0.0-py3-none-any.whl", hash = "sha256:33bd4ef74232fb73fe9279a257718407f169c09b78a87ad3d296f548e27de0bb", size = 310654, upload-time = "2026-04-12T08:24:02.83Z" },
]

[[package]]
name = "vortex-rdf"
source = { editable = "." }

[package.dev-dependencies]
dev = [
    { name = "maturin" },
    { name = "pytest" },
    { name = "pytest-codspeed" },
]

[package.metadata]

[package.metadata.requires-dev]
dev = [
    { name = "maturin", specifier = ">=1.8,<2" },
    { name = "pytest", specifier = ">=8" },
    { name = "pytest-codspeed", specifier = ">=4" },
]
