version = 1
revision = 3
requires-python = ">=3.11"

[[package]]
name = "colorama"
version = "0.4.6"
source = { registry = "https://pypi.org/simple" }
sdist = { url = "https://files.pythonhosted.org/packages/d8/53/6f443c9a4a8358a93a6792e2acffb9d9d5cb0a5cfd8802644b7b1c9a02e4/colorama-0.4.6.tar.gz", hash = "sha256:08695f5cb7ed6e0531a20572697297273c47b8cae5a63ffc6d6ed5c201be6e44", size = 27697, upload-time = "2022-10-25T02:36:22.414Z" }
wheels = [
    { url = "https://files.pythonhosted.org/packages/d1/d6/3965ed04c63042e047cb6a3e6ed1a63a35087b6a609aa3a15ed8ac56c221/colorama-0.4.6-py2.py3-none-any.whl", hash = "sha256:4f1d9991f5acc0ca119f9d443620b77f9d6b33703e51011c16baf57afb285fc6", size = 25335, upload-time = "2022-10-25T02:36:20.889Z" },
]

[[package]]
name = "iniconfig"
version = "2.3.0"
source = { registry = "https://pypi.org/simple" }
sdist = { url = "https://files.pythonhosted.org/packages/72/34/14ca021ce8e5dfedc35312d08ba8bf51fdd999c576889fc2c24cb97f4f10/iniconfig-2.3.0.tar.gz", hash = "sha256:c76315c77db068650d49c5b56314774a7804df16fee4402c1f19d6d15d8c4730", size = 20503, upload-time = "2025-10-18T21:55:43.219Z" }
wheels = [
    { url = "https://files.pythonhosted.org/packages/cb/b1/3846dd7f199d53cb17f49cba7e651e9ce294d8497c8c150530ed11865bb8/iniconfig-2.3.0-py3-none-any.whl", hash = "sha256:f631c04d2c48c52b84d0d0549c99ff3859c98df65b3101406327ecc7d53fbf12", size = 7484, upload-time = "2025-10-18T21:55:41.639Z" },
]

[[package]]
name = "markdown-it-py"
version = "4.2.0"
source = { registry = "https://pypi.org/simple" }
dependencies = [
    { name = "mdurl" },
]
sdist = { url = "https://files.pythonhosted.org/packages/06/ff/7841249c247aa650a76b9ee4bbaeae59370dc8bfd2f6c01f3630c35eb134/markdown_it_py-4.2.0.tar.gz", hash = "sha256:04a21681d6fbb623de53f6f364d352309d4094dd4194040a10fd51833e418d49", size = 82454, upload-time = "2026-05-07T12:08:28.36Z" }
wheels = [
    { url = "https://files.pythonhosted.org/packages/b3/81/4da04ced5a082363ecfa159c010d200ecbd959ae410c10c0264a38cac0f5/markdown_it_py-4.2.0-py3-none-any.whl", hash = "sha256:9f7ebbcd14fe59494226453aed97c1070d83f8d24b6fc3a3bcf9a38092641c4a", size = 91687, upload-time = "2026-05-07T12:08:27.182Z" },
]

[[package]]
name = "maturin"
version = "1.14.1"
source = { registry = "https://pypi.org/simple" }
sdist = { url = "https://files.pythonhosted.org/packages/e7/b3/addd877f871fb1860d46d3a4f206ecb10b946c85846805e6367631926fd3/maturin-1.14.1.tar.gz", hash = "sha256:9d6577a62cd08e0ceba7a0db06fb098e0c9b1b3429bad747a4f3a18215a1b3df", size = 369637, upload-time = "2026-06-19T05:19:49.774Z" }
wheels = [
    { url = "https://files.pythonhosted.org/packages/f4/f0/97c5a5bd9c71653a066c0976a484eaaae50b9369557838a4176b7b0bdaa5/maturin-1.14.1-py3-none-linux_armv6l.whl", hash = "sha256:522292398945442cdafa9daeb2271b2340fbde57027b818f923f88eab04174f8", size = 10207496, upload-time = "2026-06-19T05:19:09.321Z" },
    { url = "https://files.pythonhosted.org/packages/fe/83/294bca639b0e052f1e2f65199b3db258780c7d4e31408b934c9c974a1379/maturin-1.14.1-py3-none-macosx_10_12_x86_64.macosx_11_0_arm64.macosx_10_12_universal2.whl", hash = "sha256:ffe5ad71f21d1e6603c4dd75f7fee34adf5ed5ebcebb692886549888ebb329ed", size = 19680113, upload-time = "2026-06-19T05:19:13.43Z" },
    { url = "https://files.pythonhosted.org/packages/43/b6/79c881410a3b1c187f7eb3d407aecae646c6a4433d630d72200359015e83/maturin-1.14.1-py3-none-macosx_10_12_x86_64.whl", hash = "sha256:f3306078070c1508fd715b9116070cbcaff5959024272a9f1e6f5cb29768b86c", size = 10169205, upload-time = "2026-06-19T05:19:16.615Z" },
    { url = "https://files.pythonhosted.org/packages/93/9d/44b6f26dcb7f7a04c5501ac2dbb6ca1490150682baa525ca5860504f9eab/maturin-1.14.1-py3-none-manylinux_2_12_i686.manylinux2010_i686.musllinux_1_1_i686.whl", hash = "sha256:cd457cd88961156e26379e1155bd287cc0ec1c8b2f1582b0660fb31b87c8842d", size = 10188098, upload-time = "2026-06-19T05:19:19.736Z" },
    { url = "https://files.pythonhosted.org/packages/1a/bd/9c0d5d6983905ce2c9edaa073a7e89355a9cf7f396988e05d32f1c37785d/maturin-1.14.1-py3-none-manylinux_2_12_x86_64.manylinux2010_x86_64.musllinux_1_1_x86_64.whl", hash = "sha256:dfc54ae32e6fcb18302193ab9a30b0b25eefffba994ae13238974805533ef75e", size = 10627576, upload-time = "2026-06-19T05:19:22.713Z" },
    { url = "https://files.pythonhosted.org/packages/e5/33/b096412bd6a7cb399652b260666f901adf88a687181a6dbd6a3f89f0a94e/maturin-1.14.1-py3-none-manylinux_2_17_aarch64.manylinux2014_aarch64.musllinux_1_1_aarch64.whl", hash = "sha256:a131d912b5267e640bc96d70f4914e10590aed64082ec9abacba7cea52004224", size = 10085181, upload-time = "2026-06-19T05:19:25.69Z" },
    { url = "https://files.pythonhosted.org/packages/56/8d/08c3bf469c38a23c9e6c877e338193001eb604d010fedc08341974e38528/maturin-1.14.1-py3-none-manylinux_2_17_armv7l.manylinux2014_armv7l.musllinux_1_1_armv7l.whl", hash = "sha256:be18fc568fb76884c0205456336892a75105ec398e6b667cd777c6268bd06d69", size = 10026363, upload-time = "2026-06-19T05:19:28.904Z" },
    { url = "https://files.pythonhosted.org/packages/3a/a4/c4d1a92839f8745ab4aab988a7db884a79d6d710bd3b286fcf9316dece1a/maturin-1.14.1-py3-none-manylinux_2_17_ppc64le.manylinux2014_ppc64le.musllinux_1_1_ppc64le.whl", hash = "sha256:994a0c8ba3ad8a92b3a9ee1b02645d200d610216b15cff5102b0fe65e8e08666", size = 13321347, upload-time = "2026-06-19T05:19:32.411Z" },
    { url = "https://files.pythonhosted.org/packages/b3/fa/170f04624d03fd07d2a8b1b67de83a127af93aef9eaa425839553347297b/maturin-1.14.1-py3-none-manylinux_2_17_s390x.manylinux2014_s390x.whl", hash = "sha256:be80866363e605d137991b491a741a84cde9ae350183c4c85f49690ca9aaaa65", size = 10877609, upload-time = "2026-06-19T05:19:35.448Z" },
    { url = "https://files.pythonhosted.org/packages/61/ad/1ae2e1d0ded282bf2c55ac13f0811d87deb425e200ae64a15785675dede9/maturin-1.14.1-py3-none-manylinux_2_31_riscv64.musllinux_1_1_riscv64.whl", hash = "sha256:5282dffd4b539d2be245f4e5b1a5ab6bc1033b58f4a4872f5833f9d43c954aa4", size = 10417316, upload-time = "2026-06-19T05:19:38.28Z" },
    { url = "https://files.pythonhosted.org/packages/fb/27/bf677183920718da49cd7982d6a3ffc440aad8919329f571d189f81b7bdf/maturin-1.14.1-py3-none-win32.whl", hash = "sha256:1a04de0a20188f95c721b5702eed18140bdcccb28c386797093eca3f62f4d4e0", size = 8931293, upload-time = "2026-06-19T05:19:41.183Z" },
    { url = "https://files.pythonhosted.org/packages/63/4b/585adeb9167b08d3cdff0032a938b0e72655c92003df4f52c3f696a1bcc2/maturin-1.14.1-py3-none-win_amd64.whl", hash = "sha256:3c9f94640ecc4895e94abaf834a0684430032c865b2748a36c12461fd9252fdd", size = 10314067, upload-time = "2026-06-19T05:19:44.389Z" },
    { url = "https://files.pythonhosted.org/packages/51/d4/dac8c0720ae246be1700afb6fbdbbea20fe35b13f6570b2f70faa005df77/maturin-1.14.1-py3-none-win_arm64.whl", hash = "sha256:15cea8fcb3ba47dd636f50092bb34baea8b04ac777392f23e6bf8a9a61efb894", size = 9718943, upload-time = "2026-06-19T05:19:47.49Z" },
]

[[package]]
name = "mdurl"
version = "0.1.2"
source = { registry = "https://pypi.org/simple" }
sdist = { url = "https://files.pythonhosted.org/packages/d6/54/cfe61301667036ec958cb99bd3efefba235e65cdeb9c84d24a8293ba1d90/mdurl-0.1.2.tar.gz", hash = "sha256:bb413d29f5eea38f31dd4754dd7377d4465116fb207585f97bf925588687c1ba", size = 8729, upload-time = "2022-08-14T12:40:10.846Z" }
wheels = [
    { url = "https://files.pythonhosted.org/packages/b3/38/89ba8ad64ae25be8de66a6d463314cf1eb366222074cfda9ee839c56a4b4/mdurl-0.1.2-py3-none-any.whl", hash = "sha256:84008a41e51615a49fc9966191ff91509e3c40b939176e643fd50a5c2196b8f8", size = 9979, upload-time = "2022-08-14T12:40:09.779Z" },
]

[[package]]
name = "packaging"
version = "26.2"
source = { registry = "https://pypi.org/simple" }
sdist = { url = "https://files.pythonhosted.org/packages/d7/f1/e7a6dd94a8d4a5626c03e4e99c87f241ba9e350cd9e6d75123f992427270/packaging-26.2.tar.gz", hash = "sha256:ff452ff5a3e828ce110190feff1178bb1f2ea2281fa2075aadb987c2fb221661", size = 228134, upload-time = "2026-04-24T20:15:23.917Z" }
wheels = [
    { url = "https://files.pythonhosted.org/packages/df/b2/87e62e8c3e2f4b32e5fe99e0b86d576da1312593b39f47d8ceef365e95ed/packaging-26.2-py3-none-any.whl", hash = "sha256:5fc45236b9446107ff2415ce77c807cee2862cb6fac22b8a73826d0693b0980e", size = 100195, upload-time = "2026-04-24T20:15:22.081Z" },
]

[[package]]
name = "pluggy"
version = "1.6.0"
source = { registry = "https://pypi.org/simple" }
sdist = { url = "https://files.pythonhosted.org/packages/f9/e2/3e91f31a7d2b083fe6ef3fa267035b518369d9511ffab804f839851d2779/pluggy-1.6.0.tar.gz", hash = "sha256:7dcc130b76258d33b90f61b658791dede3486c3e6bfb003ee5c9bfb396dd22f3", size = 69412, upload-time = "2025-05-15T12:30:07.975Z" }
wheels = [
    { url = "https://files.pythonhosted.org/packages/54/20/4d324d65cc6d9205fabedc306948156824eb9f0ee1633355a8f7ec5c66bf/pluggy-1.6.0-py3-none-any.whl", hash = "sha256:e920276dd6813095e9377c0bc5566d94c932c33b27a3e3945d8389c374dd4746", size = 20538, upload-time = "2025-05-15T12:30:06.134Z" },
]

[[package]]
name = "pygments"
version = "2.20.0"
source = { registry = "https://pypi.org/simple" }
sdist = { url = "https://files.pythonhosted.org/packages/c3/b2/bc9c9196916376152d655522fdcebac55e66de6603a76a02bca1b6414f6c/pygments-2.20.0.tar.gz", hash = "sha256:6757cd03768053ff99f3039c1a36d6c0aa0b263438fcab17520b30a303a82b5f", size = 4955991, upload-time = "2026-03-29T13:29:33.898Z" }
wheels = [
    { url = "https://files.pythonhosted.org/packages/f4/7e/a72dd26f3b0f4f2bf1dd8923c85f7ceb43172af56d63c7383eb62b332364/pygments-2.20.0-py3-none-any.whl", hash = "sha256:81a9e26dd42fd28a23a2d169d86d7ac03b46e2f8b59ed4698fb4785f946d0176", size = 1231151, upload-time = "2026-03-29T13:29:30.038Z" },
]

[[package]]
name = "pytest"
version = "9.1.1"
source = { registry = "https://pypi.org/simple" }
dependencies = [
    { name = "colorama", marker = "sys_platform == 'win32'" },
    { name = "iniconfig" },
    { name = "packaging" },
    { name = "pluggy" },
    { name = "pygments" },
]
sdist = { url = "https://files.pythonhosted.org/packages/e4/47/b9efed96c114afcfa3c9d3fe98a76a1d14c74a9e266d397cf6eb64be5e01/pytest-9.1.1.tar.gz", hash = "sha256:1088fbde8f2b49d95a549a195707afa7a76a3ce9bcadc26b6d71f0ffda5fe313", size = 1636369, upload-time = "2026-06-19T10:58:32.857Z" }
wheels = [
    { url = "https://files.pythonhosted.org/packages/24/25/1de2678b631f5a49215c6c96fff41ba892b0a34df68d6d80292b1b48aa7f/pytest-9.1.1-py3-none-any.whl", hash = "sha256:37a86b45efb9a47a61a36449063e8e18d0cab3161329fc099eb21783169c4f0c", size = 386536, upload-time = "2026-06-19T10:58:31.347Z" },
]

[[package]]
name = "pytest-codspeed"
version = "5.0.3"
source = { registry = "https://pypi.org/simple" }
dependencies = [
    { name = "pytest" },
    { name = "rich" },
]
sdist = { url = "https://files.pythonhosted.org/packages/e1/b4/cf932fcd1960a2fd6d9b09eb403253a8709aeee975961afa6299239a830e/pytest_codspeed-5.0.3.tar.gz", hash = "sha256:91afef90e6a96b013495e4702ef5d6358614a449e71008cdc194ef668778b92f", size = 324571, upload-time = "2026-05-22T16:20:49.231Z" }
wheels = [
    { url = "https://files.pythonhosted.org/packages/ac/ef/32ce60d42a4aa43e728d988e13eb6568fbc7b10a514517b459bafd3f2b94/pytest_codspeed-5.0.3-cp311-cp311-macosx_11_0_arm64.whl", hash = "sha256:f56d0339cd98d26f6e561987be25bdd2761a5d53d8f73493b1ebe02d0d451093", size = 366253, upload-time = "2026-05-22T16:21:10.013Z" },
    { url = "https://files.pythonhosted.org/packages/2a/15/c66ef90a793c5d2c039e63a1726a5e55c678be2618b0f5f1660d0f79e25f/pytest_codspeed-5.0.3-cp311-cp311-manylinux2014_aarch64.manylinux_2_17_aarch64.manylinux_2_28_aarch64.whl", hash = "sha256:4c682f6645d4eb472f3bd95dbda1805e3af4243610572cb7d6bf94a88e8a0b6c", size = 932465, upload-time = "2026-05-22T16:20:34.265Z" },
    { url = "https://files.pythonhosted.org/packages/1a/7b/d231279301967f05b7909160489e85ee3a1b9da76094ea25343faba1abc2/pytest_codspeed-5.0.3-cp311-cp311-manylinux2014_x86_64.manylinux_2_17_x86_64.manylinux_2_28_x86_64.whl", hash = "sha256:f852bee785a7a124cb1720b1915670c6742af87747dc4d838f3ffdbd365ce9d9", size = 934925, upload-time = "2026-05-22T16:20:47.63Z" },
    { url = "https://files.pythonhosted.org/packages/c2/22/456c48160b761d5028c8afa119f085a9fc42855a783a13d73918078969f0/pytest_codspeed-5.0.3-cp312-cp312-macosx_11_0_arm64.whl", hash = "sha256:2eeb25fb1ac3f73c4de50e739e78fea396b89782bdb740bf2a7cd2df21f8d4ee", size = 366255, upload-time = "2026-05-22T16:20:56.214Z" },
    { url = "https://files.pythonhosted.org/packages/74/33/ac7441fa937c9d9f158083a8c46920a5a5c81ed3c5f96240fc8d650db5c2/pytest_codspeed-5.0.3-cp312-cp312-manylinux2014_aarch64.manylinux_2_17_aarch64.manylinux_2_28_aarch64.whl", hash = "sha256:73c5c9d98a3372a42611989ccfa437cce3842431ac6d6b9ab42c4f0e59c070f7", size = 932325, upload-time = "2026-05-22T16:21:08.814Z" },
    { url = "https://files.pythonhosted.org/packages/77/bc/8b994adcb9e9016e7d9a808056a3dd9cca21441e432ef456eae2b697d7fe/pytest_codspeed-5.0.3-cp312-cp312-manylinux2014_x86_64.manylinux_2_17_x86_64.manylinux_2_28_x86_64.whl", hash = "sha256:a2e0ab65df73e837666d12357280ca50ff6d6ac03ea5266703be518b68170edf", size = 934885, upload-time = "2026-05-22T16:21:01.444Z" },
    { url = "https://files.pythonhosted.org/packages/dc/8e/e032451e9e0a06b0c4bff53105f62b693d9a54595dd8c024693741ce3380/pytest_codspeed-5.0.3-cp313-cp313-macosx_11_0_arm64.whl", hash = "sha256:6524c57fec279a22ffef6112af404036afc71b4704758ae9f0abda429b8478d4", size = 366253, upload-time = "2026-05-22T16:20:46.192Z" },
    { url = "https://files.pythonhosted.org/packages/a9/7b/ae76fd8ac656b9695806a6aafd5f22ec32e6ce20e266a58f9112e01d3cd8/pytest_codspeed-5.0.3-cp313-cp313-manylinux2014_aarch64.manylinux_2_17_aarch64.manylinux_2_28_aarch64.whl", hash = "sha256:0c383c9121deb58a69f174188e9e4488ffc0daced0ed276abf87747182511901", size = 932360, upload-time = "2026-05-22T16:20:30.589Z" },
    { url = "https://files.pythonhosted.org/packages/a6/4a/dfd43d943fdb143be4fd62f34c2793ba349dc27aa188e521d19d629aa7ab/pytest_codspeed-5.0.3-cp313-cp313-manylinux2014_x86_64.manylinux_2_17_x86_64.manylinux_2_28_x86_64.whl", hash = "sha256:a4bcdb4b6522738152885ef067e0c8524d5699828d780fb6f464cdb3db44369c", size = 934928, upload-time = "2026-05-22T16:20:38.62Z" },
    { url = "https://files.pythonhosted.org/packages/04/6a/fdcec19c7f267c195f147c51d3fd2245f6b8d09b80495ed0a90c008e0842/pytest_codspeed-5.0.3-cp314-cp314-macosx_11_0_arm64.whl", hash = "sha256:25464363c7f9b9bd5022e969c0addba616fa40ac9b8f0fc9e030c4538863b32d", size = 366259, upload-time = "2026-05-22T16:21:06.039Z" },
    { url = "https://files.pythonhosted.org/packages/6a/96/c6b03b81dcd21ae3d6b32cca0b3c10149fa378eb21b338d4b63c9eb8050b/pytest_codspeed-5.0.3-cp314-cp314-manylinux2014_aarch64.manylinux_2_17_aarch64.manylinux_2_28_aarch64.whl", hash = "sha256:efd43f82ea03ced8488a767ded9473f050791ab7783ea8654107e1e0ac66af40", size = 932395, upload-time = "2026-05-22T16:21:04.804Z" },
    { url = "https://files.pythonhosted.org/packages/96/08/56ad8f1cc7d6962f8a680141b361e93467a2abc53d976cd9d5e1edd740e3/pytest_codspeed-5.0.3-cp314-cp314-manylinux2014_x86_64.manylinux_2_17_x86_64.manylinux_2_28_x86_64.whl", hash = "sha256:782f9985b6f6b45b8bc20152d206d3a52b56dd088ba81cb70a71f0b39841be9e", size = 934994, upload-time = "2026-05-22T16:20:28.809Z" },
    { url = "https://files.pythonhosted.org/packages/0b/54/9096c4545f09da94b1b00f3be2fe4952949e86c9bcafca9a29b26aed1a75/pytest_codspeed-5.0.3-cp314-cp314t-macosx_11_0_arm64.whl", hash = "sha256:9aa0815b90196f3c20d736ea8691381e97f12bbe8c7d87af10a351e434b452cb", size = 366311, upload-time = "2026-05-22T16:20:41.791Z" },
    { url = "https://files.pythonhosted.org/packages/a7/3c/24c53f67a38ad48cb087105ac30a8aa0923223ee274ea9bf2dc705edaa59/pytest_codspeed-5.0.3-cp314-cp314t-manylinux2014_aarch64.manylinux_2_17_aarch64.manylinux_2_28_aarch64.whl", hash = "sha256:85505c96a3477c346ec2d2b7dced8478f4c651e2b1666ee102d53a832b511853", size = 933169, upload-time = "2026-05-22T16:20:43.178Z" },
    { url = "https://files.pythonhosted.org/packages/d1/de/2213f868fa7694f743f96cccbc07e757f45c920c523cccc2da97bc8652df/pytest_codspeed-5.0.3-cp314-cp314t-manylinux2014_x86_64.manylinux_2_17_x86_64.manylinux_2_28_x86_64.whl", hash = "sha256:20eba63765be9d1b6cacbbfad84b87d49eb04b357a7045a0899880da181f81e3", size = 935522, upload-time = "2026-05-22T16:21:03.398Z" },
    { url = "https://files.pythonhosted.org/packages/df/85/5dfea1c031d6cccc11653464828edf205c30f798caf5b2a85375aacd914a/pytest_codspeed-5.0.3-cp315-cp315-macosx_11_0_arm64.whl", hash = "sha256:ec9fa6f0af0a9feb0e0bd517fb59ef28f806fbd50c0c6900ac26cbb4d080eba5", size = 366275, upload-time = "2026-05-22T16:20:59.463Z" },
    { url = "https://files.pythonhosted.org/packages/3c/2b/af4d1b612f03b98a6cf3c7d5f62678917a60110a8bf380d49ab408b31137/pytest_codspeed-5.0.3-cp315-cp315-manylinux2014_aarch64.manylinux_2_17_aarch64.manylinux_2_28_aarch64.whl", hash = "sha256:8df77b3409f54f4a268f77f3ff74992fe1d995cdbaf2cecf8ad74d32db217ce7", size = 932537, upload-time = "2026-05-22T16:20:54.945Z" },
    { url = "https://files.pythonhosted.org/packages/f5/a2/c7ec45e36a61b418efb2a3cccaa67a0c2fcf1f21d5880f64c33114f0c249/pytest_codspeed-5.0.3-cp315-cp315-manylinux2014_x86_64.manylinux_2_17_x86_64.manylinux_2_28_x86_64.whl", hash = "sha256:a5d8695a227ea1c3a41d25db5b3fe720bf1b4808bd38862be811a4efd902c792", size = 934153, upload-time = "2026-05-22T16:21:07.494Z" },
    { url = "https://files.pythonhosted.org/packages/cf/c7/d5bada9618a0af56a5c8065fc61280849cab8e7c1e24025807a51c3157ce/pytest_codspeed-5.0.3-cp315-cp315t-macosx_11_0_arm64.whl", hash = "sha256:bf4cc4178cbace8f4d2bd240408276bc4da3850ac5fcb5fb5f8a74ab417615bb", size = 366339, upload-time = "2026-05-22T16:20:51.968Z" },
    { url = "https://files.pythonhosted.org/packages/a8/37/fb27aeb40a81320e7349553b877a21333c897b27c8dfe215630452908f36/pytest_codspeed-5.0.3-cp315-cp315t-manylinux2014_aarch64.manylinux_2_17_aarch64.manylinux_2_28_aarch64.whl", hash = "sha256:abe793da40f87295d33988673d34f06ea569848b44490b847552cd416816258a", size = 933055, upload-time = "2026-05-22T16:20:44.861Z" },
    { url = "https://files.pythonhosted.org/packages/f3/d9/6f2d69e96deaf0475a695fc9195af59e7a3b5fab50782855e65c63a7bc28/pytest_codspeed-5.0.3-cp315-cp315t-manylinux2014_x86_64.manylinux_2_17_x86_64.manylinux_2_28_x86_64.whl", hash = "sha256:c3a9ed38dfa776443b86f4b49a982e8443d0953db4974bd2673d63cc904ae1ad", size = 934481, upload-time = "2026-05-22T16:20:58.264Z" },
    { url = "https://files.pythonhosted.org/packages/c5/b2/1d2a993c532146dce9eca5b5942d51898021c3579ce18b2454f932a915f8/pytest_codspeed-5.0.3-py3-none-any.whl", hash = "sha256:fe2ea83c924c2250675b75686c3ee456b8cf0208d83d552e182a195fdf467378", size = 74033, upload-time = "2026-05-22T16:20:26.814Z" },
]

[[package]]
name = "rich"
version = "15.0.0"
source = { registry = "https://pypi.org/simple" }
dependencies = [
    { name = "markdown-it-py" },
    { name = "pygments" },
]
sdist = { url = "https://files.pythonhosted.org/packages/c0/8f/0722ca900cc807c13a6a0c696dacf35430f72e0ec571c4275d2371fca3e9/rich-15.0.0.tar.gz", hash = "sha256:edd07a4824c6b40189fb7ac9bc4c52536e9780fbbfbddf6f1e2502c31b068c36", size = 230680, upload-time = "2026-04-12T08:24:00.75Z" }
wheels = [
    { url = "https://files.pythonhosted.org/packages/82/3b/64d4899d73f91ba49a8c18a8ff3f0ea8f1c1d75481760df8c68ef5235bf5/rich-15.0.0-py3-none-any.whl", hash = "sha256:33bd4ef74232fb73fe9279a257718407f169c09b78a87ad3d296f548e27de0bb", size = 310654, upload-time = "2026-04-12T08:24:02.83Z" },
]

[[package]]
name = "vortex-rdf"
source = { editable = "." }

[package.dev-dependencies]
dev = [
    { name = "maturin" },
    { name = "pytest" },
    { name = "pytest-codspeed" },
]

[package.metadata]

[package.metadata.requires-dev]
dev = [
    { name = "maturin", specifier = ">=1.8,<2" },
    { name = "pytest", specifier = ">=8" },
    { name = "pytest-codspeed", specifier = ">=4" },
]
